
Microsoft Visual Studio Solution File, Format Version 12.00
# Visual Studio Version 17
VisualStudioVersion = 17.6.33815.320
MinimumVisualStudioVersion = 10.0.40219.1
Project("{9A19103F-16F7-4668-BE54-9A1E7A4F7556}") = "ReadFileFromExcel", "ReadFileFromExcel.csproj", "{72808AE4-BD81-4D8E-946F-C3E285267AAB}"
EndProject
Global
	GlobalSection(SolutionConfigurationPlatforms) = preSolution
		Debug|Any CPU = Debug|Any CPU
		Release|Any CPU = Release|Any CPU
	EndGlobalSection
	GlobalSection(ProjectConfigurationPlatforms) = postSolution
		{72808AE4-BD81-4D8E-946F-C3E285267AAB}.Debug|Any CPU.ActiveCfg = Debug|Any CPU
		{72808AE4-BD81-4D8E-946F-C3E285267AAB}.Debug|Any CPU.Build.0 = Debug|Any CPU
		{72808AE4-BD81-4D8E-946F-C3E285267AAB}.Release|Any CPU.ActiveCfg = Release|Any CPU
		{72808AE4-BD81-4D8E-946F-C3E285267AAB}.Release|Any CPU.Build.0 = Release|Any CPU
	EndGlobalSection
	GlobalSection(SolutionProperties) = preSolution
		HideSolutionNode = FALSE
	EndGlobalSection
	GlobalSection(ExtensibilityGlobals) = postSolution
		SolutionGuid = {5DF51A88-D8D4-4281-B52E-6F43B716CF67}
	EndGlobalSection
EndGlobal
